
Microsoft Visual Studio Solution File, Format Version 12.00
# Visual Studio Version 16
VisualStudioVersion = 16.0.30114.105
MinimumVisualStudioVersion = 10.0.40219.1
Project("{2150E333-8FDC-42A3-9474-1A3956D46DE8}") = "src", "src", "{D9E0166F-D0F5-45EB-BE1F-E7CC53F71934}"
EndProject
Project("{FAE04EC0-301F-11D3-BF4B-00C04F79EFBC}") = "csharpsplit", "src\csharpsplit\csharpsplit.csproj", "{7FAFA2A7-AC81-4BD1-81F4-291C3E63FD59}"
EndProject
Project("{2150E333-8FDC-42A3-9474-1A3956D46DE8}") = "test", "test", "{4064837A-A0D5-42C6-9506-BACC8D251070}"
EndProject
Project("{FAE04EC0-301F-11D3-BF4B-00C04F79EFBC}") = "csharpsplit.Tests", "test\csharpsplit.Tests\csharpsplit.Tests.csproj", "{B89375C5-23B7-420A-80E5-02027438F950}"
EndProject
Global
	GlobalSection(SolutionConfigurationPlatforms) = preSolution
		Debug|Any CPU = Debug|Any CPU
		Release|Any CPU = Release|Any CPU
	EndGlobalSection
	GlobalSection(SolutionProperties) = preSolution
		HideSolutionNode = FALSE
	EndGlobalSection
	GlobalSection(ProjectConfigurationPlatforms) = postSolution
		{7FAFA2A7-AC81-4BD1-81F4-291C3E63FD59}.Debug|Any CPU.ActiveCfg = Debug|Any CPU
		{7FAFA2A7-AC81-4BD1-81F4-291C3E63FD59}.Debug|Any CPU.Build.0 = Debug|Any CPU
		{7FAFA2A7-AC81-4BD1-81F4-291C3E63FD59}.Release|Any CPU.ActiveCfg = Release|Any CPU
		{7FAFA2A7-AC81-4BD1-81F4-291C3E63FD59}.Release|Any CPU.Build.0 = Release|Any CPU
		{B89375C5-23B7-420A-80E5-02027438F950}.Debug|Any CPU.ActiveCfg = Debug|Any CPU
		{B89375C5-23B7-420A-80E5-02027438F950}.Debug|Any CPU.Build.0 = Debug|Any CPU
		{B89375C5-23B7-420A-80E5-02027438F950}.Release|Any CPU.ActiveCfg = Release|Any CPU
		{B89375C5-23B7-420A-80E5-02027438F950}.Release|Any CPU.Build.0 = Release|Any CPU
	EndGlobalSection
	GlobalSection(NestedProjects) = preSolution
		{7FAFA2A7-AC81-4BD1-81F4-291C3E63FD59} = {D9E0166F-D0F5-45EB-BE1F-E7CC53F71934}
		{B89375C5-23B7-420A-80E5-02027438F950} = {4064837A-A0D5-42C6-9506-BACC8D251070}
	EndGlobalSection
EndGlobal
